{
  "name": "projectstorets",
  "version": "1.0.0",
  "lockfileVersion": 2,
  "requires": true,
  "packages": {
    "": {
      "name": "projectstorets",
      "version": "1.0.0",
      "license": "ISC",
      "dependencies": {
        "systemjs": "^0.19.41"
      }
    },
    "node_modules/systemjs": {
      "version": "0.19.41",
      "resolved": "https://registry.npmjs.org/systemjs/-/systemjs-0.19.41.tgz",
      "integrity": "sha512-8E9CmZ01dIr52po2LNhc3QuKyeSTyvQfshHMi3lekSbEOdR9OAUOX2X+wPKunZX3CpudM6w3r8eTCjGQrK79Wg==",
      "dependencies": {
        "when": "^3.7.5"
      }
    },
    "node_modules/when": {
      "version": "3.7.8",
      "resolved": "https://registry.npmjs.org/when/-/when-3.7.8.tgz",
      "integrity": "sha512-5cZ7mecD3eYcMiCH4wtRPA5iFJZ50BJYDfckI5RRpQiktMiYTcn0ccLTZOvcbBume+1304fQztxeNzNS9Gvrnw=="
    }
  },
  "dependencies": {
    "systemjs": {
      "version": "0.19.41",
      "resolved": "https://registry.npmjs.org/systemjs/-/systemjs-0.19.41.tgz",
      "integrity": "sha512-8E9CmZ01dIr52po2LNhc3QuKyeSTyvQfshHMi3lekSbEOdR9OAUOX2X+wPKunZX3CpudM6w3r8eTCjGQrK79Wg==",
      "requires": {
        "when": "^3.7.5"
      }
    },
    "when": {
      "version": "3.7.8",
      "resolved": "https://registry.npmjs.org/when/-/when-3.7.8.tgz",
      "integrity": "sha512-5cZ7mecD3eYcMiCH4wtRPA5iFJZ50BJYDfckI5RRpQiktMiYTcn0ccLTZOvcbBume+1304fQztxeNzNS9Gvrnw=="
    }
  }
}
